
Microsoft Visual Studio Solution File, Format Version 12.00
# Visual Studio 15
VisualStudioVersion = 15.0.27703.2000
MinimumVisualStudioVersion = 10.0.40219.1
Project("{2150E333-8FDC-42A3-9474-1A3956D46DE8}") = ".nuget", ".nuget", "{C7885E53-BE51-4606-BC7A-EA33A5A3B001}"
	ProjectSection(SolutionItems) = preProject
		.nuget\NuGet.Config = .nuget\NuGet.Config
		.nuget\NuGet.exe = .nuget\NuGet.exe
	EndProjectSection
EndProject
Project("{9A19103F-16F7-4668-BE54-9A1E7A4F7556}") = "RedisInside", "RedisInside\RedisInside.csproj", "{90E667F6-A081-4496-9931-6AB168863392}"
EndProject
Project("{9A19103F-16F7-4668-BE54-9A1E7A4F7556}") = "RedisInside.Tests", "RedisInside.Tests\RedisInside.Tests.csproj", "{FE650C2E-B87F-43B0-A978-60A3CFB15B02}"
EndProject
Global
	GlobalSection(SolutionConfigurationPlatforms) = preSolution
		Debug|Any CPU = Debug|Any CPU
		Release|Any CPU = Release|Any CPU
	EndGlobalSection
	GlobalSection(ProjectConfigurationPlatforms) = postSolution
		{90E667F6-A081-4496-9931-6AB168863392}.Debug|Any CPU.ActiveCfg = Debug|Any CPU
		{90E667F6-A081-4496-9931-6AB168863392}.Debug|Any CPU.Build.0 = Debug|Any CPU
		{90E667F6-A081-4496-9931-6AB168863392}.Release|Any CPU.ActiveCfg = Release|Any CPU
		{90E667F6-A081-4496-9931-6AB168863392}.Release|Any CPU.Build.0 = Release|Any CPU
		{FE650C2E-B87F-43B0-A978-60A3CFB15B02}.Debug|Any CPU.ActiveCfg = Debug|Any CPU
		{FE650C2E-B87F-43B0-A978-60A3CFB15B02}.Debug|Any CPU.Build.0 = Debug|Any CPU
		{FE650C2E-B87F-43B0-A978-60A3CFB15B02}.Release|Any CPU.ActiveCfg = Release|Any CPU
		{FE650C2E-B87F-43B0-A978-60A3CFB15B02}.Release|Any CPU.Build.0 = Release|Any CPU
	EndGlobalSection
	GlobalSection(SolutionProperties) = preSolution
		HideSolutionNode = FALSE
	EndGlobalSection
	GlobalSection(ExtensibilityGlobals) = postSolution
		SolutionGuid = {F39EB0EF-C792-4367-9A8E-D427EE3ED4E4}
	EndGlobalSection
EndGlobal
